
Microsoft Visual Studio Solution File, Format Version 12.00
# Visual Studio Version 17
VisualStudioVersion = 17.4.33213.308
MinimumVisualStudioVersion = 10.0.40219.1
Project("{FAE04EC0-301F-11D3-BF4B-00C04F79EFBC}") = "DemoProject", "DemoProject\DemoProject.csproj", "{F4D5A05E-D469-4654-B638-01BA01AB2586}"
EndProject
Global
	GlobalSection(SolutionConfigurationPlatforms) = preSolution
		Debug|Any CPU = Debug|Any CPU
		Release|Any CPU = Release|Any CPU
	EndGlobalSection
	GlobalSection(ProjectConfigurationPlatforms) = postSolution
		{F4D5A05E-D469-4654-B638-01BA01AB2586}.Debug|Any CPU.ActiveCfg = Debug|Any CPU
		{F4D5A05E-D469-4654-B638-01BA01AB2586}.Debug|Any CPU.Build.0 = Debug|Any CPU
		{F4D5A05E-D469-4654-B638-01BA01AB2586}.Release|Any CPU.ActiveCfg = Release|Any CPU
		{F4D5A05E-D469-4654-B638-01BA01AB2586}.Release|Any CPU.Build.0 = Release|Any CPU
	EndGlobalSection
	GlobalSection(SolutionProperties) = preSolution
		HideSolutionNode = FALSE
	EndGlobalSection
	GlobalSection(ExtensibilityGlobals) = postSolution
		SolutionGuid = {28D33DE5-77B2-4CA5-8D13-C9E157DE539F}
	EndGlobalSection
EndGlobal
